# THIS IS AN AUTOGENERATED FILE. DO NOT EDIT THIS FILE DIRECTLY.
# yarn lockfile v1


"@babel/runtime@^7.8.7":
  version "7.8.7"
  resolved "https://registry.yarnpkg.com/@babel/runtime/-/runtime-7.8.7.tgz#8fefce9802db54881ba59f90bb28719b4996324d"
  integrity sha512-+AATMUFppJDw6aiR5NVPHqIQBlV/Pj8wY/EZH+lmvRdUo9xBaz/rF3alAwFJQavvKfeOlPE7oaaDHVbcySbCsg==
  dependencies:
    regenerator-runtime "^0.13.4"

regenerator-runtime@^0.13.4:
  version "0.13.4"
  resolved "https://registry.yarnpkg.com/regenerator-runtime/-/regenerator-runtime-0.13.4.tgz#e96bf612a3362d12bb69f7e8f74ffeab25c7ac91"
  integrity sha512-plpwicqEzfEyTQohIKktWigcLzmNStMGwbOUbykx51/29Z3JOGYldaaNGK7ngNXV+UcoqvIMmloZ48Sr74sd+g==

yaml@^1.6.0:
  version "1.8.2"
  resolved "https://registry.yarnpkg.com/yaml/-/yaml-1.8.2.tgz#a29c03f578faafd57dcb27055f9a5d569cb0c3d9"
  integrity sha512-omakb0d7FjMo3R1D2EbTKVIk6dAVLRxFXdLZMEUToeAvuqgG/YuHMuQOZ5fgk+vQ8cx+cnGKwyg+8g8PNT0xQg==
  dependencies:
    "@babel/runtime" "^7.8.7"
